
Microsoft Visual Studio Solution File, Format Version 12.00
# Visual Studio 15
VisualStudioVersion = 15.0.27004.2008
MinimumVisualStudioVersion = 10.0.40219.1
Project("{FAE04EC0-301F-11D3-BF4B-00C04F79EFBC}") = "DemoIdentity", "DemoIdentity\DemoIdentity.csproj", "{1FDD48ED-B84B-4655-AEFD-1E768B751496}"
EndProject
Global
	GlobalSection(SolutionConfigurationPlatforms) = preSolution
		Debug|Any CPU = Debug|Any CPU
		Release|Any CPU = Release|Any CPU
	EndGlobalSection
	GlobalSection(ProjectConfigurationPlatforms) = postSolution
		{1FDD48ED-B84B-4655-AEFD-1E768B751496}.Debug|Any CPU.ActiveCfg = Debug|Any CPU
		{1FDD48ED-B84B-4655-AEFD-1E768B751496}.Debug|Any CPU.Build.0 = Debug|Any CPU
		{1FDD48ED-B84B-4655-AEFD-1E768B751496}.Release|Any CPU.ActiveCfg = Release|Any CPU
		{1FDD48ED-B84B-4655-AEFD-1E768B751496}.Release|Any CPU.Build.0 = Release|Any CPU
	EndGlobalSection
	GlobalSection(SolutionProperties) = preSolution
		HideSolutionNode = FALSE
	EndGlobalSection
	GlobalSection(ExtensibilityGlobals) = postSolution
		SolutionGuid = {2069B25E-0BF0-4AEC-B10C-F0FB686B24E1}
	EndGlobalSection
EndGlobal
